
Microsoft Visual Studio Solution File, Format Version 12.00
# Visual Studio 15
VisualStudioVersion = 15.0.27130.2020
MinimumVisualStudioVersion = 10.0.40219.1
Project("{FAE04EC0-301F-11D3-BF4B-00C04F79EFBC}") = "RouterUI", "RouterUI\RouterUI.csproj", "{FEA6155C-9729-47CB-99B4-277764AC78A2}"
EndProject
Global
	GlobalSection(SolutionConfigurationPlatforms) = preSolution
		Debug|Any CPU = Debug|Any CPU
		Release|Any CPU = Release|Any CPU
	EndGlobalSection
	GlobalSection(ProjectConfigurationPlatforms) = postSolution
		{FEA6155C-9729-47CB-99B4-277764AC78A2}.Debug|Any CPU.ActiveCfg = Debug|Any CPU
		{FEA6155C-9729-47CB-99B4-277764AC78A2}.Debug|Any CPU.Build.0 = Debug|Any CPU
		{FEA6155C-9729-47CB-99B4-277764AC78A2}.Release|Any CPU.ActiveCfg = Release|Any CPU
		{FEA6155C-9729-47CB-99B4-277764AC78A2}.Release|Any CPU.Build.0 = Release|Any CPU
	EndGlobalSection
	GlobalSection(SolutionProperties) = preSolution
		HideSolutionNode = FALSE
	EndGlobalSection
	GlobalSection(ExtensibilityGlobals) = postSolution
		SolutionGuid = {18E77918-7E5C-4396-888B-0EE1DB032182}
	EndGlobalSection
EndGlobal
